// !$*UTF8*$!
{
	archiveVersion = 1;
	classes = {
	};
	objectVersion = 46;
	objects = {

/* Begin PBXBuildFile section */
		3D0426C51BC9CB3600F72B2F /* Home.swift in Sources */ = {isa = PBXBuildFile; fileRef = 3D0426C41BC9CB3600F72B2F /* Home.swift */; };
		3D05453A1BE0F94D00D1DC0A /* Home.sks in Resources */ = {isa = PBXBuildFile; fileRef = 3D0545391BE0F94D00D1DC0A /* Home.sks */; };
		3D05453C1BE819FC00D1DC0A /* MenuView.sks in Resources */ = {isa = PBXBuildFile; fileRef = 3D05453B1BE819FC00D1DC0A /* MenuView.sks */; };
		3D05453E1BE81A1000D1DC0A /* MenuView.swift in Sources */ = {isa = PBXBuildFile; fileRef = 3D05453D1BE81A1000D1DC0A /* MenuView.swift */; };
		3D0991491BC9B7D1009C3C06 /* AppDelegate.swift in Sources */ = {isa = PBXBuildFile; fileRef = 3D0991481BC9B7D1009C3C06 /* AppDelegate.swift */; };
		3D09914B1BC9B7D1009C3C06 /* GameScene.sks in Resources */ = {isa = PBXBuildFile; fileRef = 3D09914A1BC9B7D1009C3C06 /* GameScene.sks */; };
		3D09914D1BC9B7D1009C3C06 /* GameScene.swift in Sources */ = {isa = PBXBuildFile; fileRef = 3D09914C1BC9B7D1009C3C06 /* GameScene.swift */; };
		3D09914F1BC9B7D1009C3C06 /* GameViewController.swift in Sources */ = {isa = PBXBuildFile; fileRef = 3D09914E1BC9B7D1009C3C06 /* GameViewController.swift */; };
		3D0991521BC9B7D1009C3C06 /* Main.storyboard in Resources */ = {isa = PBXBuildFile; fileRef = 3D0991501BC9B7D1009C3C06 /* Main.storyboard */; };
		3D0991541BC9B7D1009C3C06 /* Images.xcassets in Resources */ = {isa = PBXBuildFile; fileRef = 3D0991531BC9B7D1009C3C06 /* Images.xcassets */; };
		3D0991571BC9B7D1009C3C06 /* LaunchScreen.xib in Resources */ = {isa = PBXBuildFile; fileRef = 3D0991551BC9B7D1009C3C06 /* LaunchScreen.xib */; };
		3D0991631BC9B7D1009C3C06 /* tcc_kelleTests.swift in Sources */ = {isa = PBXBuildFile; fileRef = 3D0991621BC9B7D1009C3C06 /* tcc_kelleTests.swift */; };
		3D1110DE1C30867F00EA3E83 /* Robot.plist in Resources */ = {isa = PBXBuildFile; fileRef = 3D1110DD1C30867F00EA3E83 /* Robot.plist */; };
		3D1110E01C30A64800EA3E83 /* CurrentGame.plist in Resources */ = {isa = PBXBuildFile; fileRef = 3D1110DF1C30A64800EA3E83 /* CurrentGame.plist */; };
		3D1110E41C30B92500EA3E83 /* Base.swift in Sources */ = {isa = PBXBuildFile; fileRef = 3D1110E31C30B92500EA3E83 /* Base.swift */; };
		3D1111161C3AD62C00EA3E83 /* Tutorial.swift in Sources */ = {isa = PBXBuildFile; fileRef = 3D1111151C3AD62C00EA3E83 /* Tutorial.swift */; };
		3D1111191C3AD66300EA3E83 /* Tutorial.sks in Resources */ = {isa = PBXBuildFile; fileRef = 3D1111181C3AD66300EA3E83 /* Tutorial.sks */; };
		3D11111D1C3ADA7D00EA3E83 /* TutorialView01.sks in Resources */ = {isa = PBXBuildFile; fileRef = 3D11111C1C3ADA7D00EA3E83 /* TutorialView01.sks */; };
		3D11111F1C3ADCEE00EA3E83 /* TutorialView02.sks in Resources */ = {isa = PBXBuildFile; fileRef = 3D11111E1C3ADCEE00EA3E83 /* TutorialView02.sks */; };
		3D1111211C3ADEF100EA3E83 /* TutorialView03.sks in Resources */ = {isa = PBXBuildFile; fileRef = 3D1111201C3ADEF100EA3E83 /* TutorialView03.sks */; };
		3D1111231C3AE67400EA3E83 /* TutorialView.swift in Sources */ = {isa = PBXBuildFile; fileRef = 3D1111221C3AE67400EA3E83 /* TutorialView.swift */; };
		3D1111251C3B018200EA3E83 /* PauseView.swift in Sources */ = {isa = PBXBuildFile; fileRef = 3D1111241C3B018200EA3E83 /* PauseView.swift */; };
		3D1111271C3B019000EA3E83 /* PauseView.sks in Resources */ = {isa = PBXBuildFile; fileRef = 3D1111261C3B019000EA3E83 /* PauseView.sks */; };
		3D2AA67D1BFE05340019FDA5 /* Skill.swift in Sources */ = {isa = PBXBuildFile; fileRef = 3D2AA67C1BFE05340019FDA5 /* Skill.swift */; };
		3D2AA67F1BFE0EFA0019FDA5 /* Array2D.swift in Sources */ = {isa = PBXBuildFile; fileRef = 3D2AA67E1BFE0EFA0019FDA5 /* Array2D.swift */; };
		3D2AA6811C012BF90019FDA5 /* MapGame.swift in Sources */ = {isa = PBXBuildFile; fileRef = 3D2AA6801C012BF90019FDA5 /* MapGame.swift */; };
		3D2AA6A51C01509B0019FDA5 /* Extensions.swift in Sources */ = {isa = PBXBuildFile; fileRef = 3D2AA6A41C01509B0019FDA5 /* Extensions.swift */; };
		3D2AA6A71C0150B50019FDA5 /* SwiftyJSON.swift in Sources */ = {isa = PBXBuildFile; fileRef = 3D2AA6A61C0150B50019FDA5 /* SwiftyJSON.swift */; };
		3D2AA6A91C0150D30019FDA5 /* Tile.swift in Sources */ = {isa = PBXBuildFile; fileRef = 3D2AA6A81C0150D30019FDA5 /* Tile.swift */; };
		3D2AA6B91C015DAC0019FDA5 /* Level_00.json in Resources */ = {isa = PBXBuildFile; fileRef = 3D2AA6B81C015DAC0019FDA5 /* Level_00.json */; };
		3D2AA6BE1C015DB70019FDA5 /* Level_01.json in Resources */ = {isa = PBXBuildFile; fileRef = 3D2AA6BA1C015DB70019FDA5 /* Level_01.json */; };
		3D2AA6BF1C015DB70019FDA5 /* Level_02.json in Resources */ = {isa = PBXBuildFile; fileRef = 3D2AA6BB1C015DB70019FDA5 /* Level_02.json */; };
		3D2AA6C01C015DB70019FDA5 /* Level_03.json in Resources */ = {isa = PBXBuildFile; fileRef = 3D2AA6BC1C015DB70019FDA5 /* Level_03.json */; };
		3D2AA6C11C015DB70019FDA5 /* Level_04.json in Resources */ = {isa = PBXBuildFile; fileRef = 3D2AA6BD1C015DB70019FDA5 /* Level_04.json */; };
		3D2AA6C31C01EAE30019FDA5 /* Swap.swift in Sources */ = {isa = PBXBuildFile; fileRef = 3D2AA6C21C01EAE30019FDA5 /* Swap.swift */; };
		3D2AA6CA1C0210FA0019FDA5 /* Chain.swift in Sources */ = {isa = PBXBuildFile; fileRef = 3D2AA6C91C0210FA0019FDA5 /* Chain.swift */; };
		3D2AA6FE1C0264360019FDA5 /* Level_05.json in Resources */ = {isa = PBXBuildFile; fileRef = 3D2AA6F81C0264360019FDA5 /* Level_05.json */; };
		3D2AA6FF1C0264360019FDA5 /* Level_06.json in Resources */ = {isa = PBXBuildFile; fileRef = 3D2AA6F91C0264360019FDA5 /* Level_06.json */; };
		3D2AA7001C0264360019FDA5 /* Level_07.json in Resources */ = {isa = PBXBuildFile; fileRef = 3D2AA6FA1C0264360019FDA5 /* Level_07.json */; };
		3D2AA7011C0264360019FDA5 /* Level_08.json in Resources */ = {isa = PBXBuildFile; fileRef = 3D2AA6FB1C0264360019FDA5 /* Level_08.json */; };
		3D2AA7021C0264360019FDA5 /* Level_09.json in Resources */ = {isa = PBXBuildFile; fileRef = 3D2AA6FC1C0264360019FDA5 /* Level_09.json */; };
		3D2AA7031C0264360019FDA5 /* Level_10.json in Resources */ = {isa = PBXBuildFile; fileRef = 3D2AA6FD1C0264360019FDA5 /* Level_10.json */; };
		3D4CC9321BF9F8BB0022511E /* Level.swift in Sources */ = {isa = PBXBuildFile; fileRef = 3D4CC9311BF9F8BB0022511E /* Level.swift */; };
		3D4CC9341BFA34330022511E /* MapGame.sks in Resources */ = {isa = PBXBuildFile; fileRef = 3D4CC9331BFA34330022511E /* MapGame.sks */; };
		3D6E20BA1BCA87B0009029E8 /* Robot.swift in Sources */ = {isa = PBXBuildFile; fileRef = 3D6E20B91BCA87B0009029E8 /* Robot.swift */; };
		3D6E20BC1BCA941A009029E8 /* User.swift in Sources */ = {isa = PBXBuildFile; fileRef = 3D6E20BB1BCA941A009029E8 /* User.swift */; };
		3D6E20BE1BCA97EB009029E8 /* MyButtonNode.swift in Sources */ = {isa = PBXBuildFile; fileRef = 3D6E20BD1BCA97EB009029E8 /* MyButtonNode.swift */; };
		3D6E20C01BCBF699009029E8 /* EditAvatar.sks in Resources */ = {isa = PBXBuildFile; fileRef = 3D6E20BF1BCBF699009029E8 /* EditAvatar.sks */; };
		3D6E20C61BCC0DE3009029E8 /* EditAvatar.swift in Sources */ = {isa = PBXBuildFile; fileRef = 3D6E20C51BCC0DE3009029E8 /* EditAvatar.swift */; };
		3D7511F21C4037B500C55D01 /* HierarquiaView.sks in Resources */ = {isa = PBXBuildFile; fileRef = 3D7511F11C4037B500C55D01 /* HierarquiaView.sks */; };
		3D7511F41C4038E100C55D01 /* HierarquiaView.swift in Sources */ = {isa = PBXBuildFile; fileRef = 3D7511F31C4038E100C55D01 /* HierarquiaView.swift */; };
		3D7511F61C403F7900C55D01 /* SceneInterface.swift in Sources */ = {isa = PBXBuildFile; fileRef = 3D7511F51C403F7900C55D01 /* SceneInterface.swift */; };
		3D7511FA1C406E2300C55D01 /* Click (in game).mp3 in Resources */ = {isa = PBXBuildFile; fileRef = 3D7511F91C406E2300C55D01 /* Click (in game).mp3 */; };
		3D7511FC1C406E4D00C55D01 /* Snow.mp3 in Resources */ = {isa = PBXBuildFile; fileRef = 3D7511FB1C406E4D00C55D01 /* Snow.mp3 */; };
		3D7511FE1C406E5E00C55D01 /* Combo2.mp3 in Resources */ = {isa = PBXBuildFile; fileRef = 3D7511FD1C406E5E00C55D01 /* Combo2.mp3 */; };
		3D7512001C406F6300C55D01 /* Fase1.mp3 in Resources */ = {isa = PBXBuildFile; fileRef = 3D7511FF1C406F6300C55D01 /* Fase1.mp3 */; };
		3D7512021C406F6F00C55D01 /* Combo7.mp3 in Resources */ = {isa = PBXBuildFile; fileRef = 3D7512011C406F6F00C55D01 /* Combo7.mp3 */; };
		3D7512041C40704900C55D01 /* Principal.mp3 in Resources */ = {isa = PBXBuildFile; fileRef = 3D7512031C40704900C55D01 /* Principal.mp3 */; };
		3D75120A1C40706200C55D01 /* Click.mp3 in Resources */ = {isa = PBXBuildFile; fileRef = 3D7512051C40706200C55D01 /* Click.mp3 */; };
		3D75120B1C40706200C55D01 /* Compra.mp3 in Resources */ = {isa = PBXBuildFile; fileRef = 3D7512061C40706200C55D01 /* Compra.mp3 */; };
		3D75120C1C40706200C55D01 /* Confirmar.mp3 in Resources */ = {isa = PBXBuildFile; fileRef = 3D7512071C40706200C55D01 /* Confirmar.mp3 */; };
		3D75120D1C40706200C55D01 /* Erro.mp3 in Resources */ = {isa = PBXBuildFile; fileRef = 3D7512081C40706200C55D01 /* Erro.mp3 */; };
		3D75120E1C40706200C55D01 /* Pergunta.mp3 in Resources */ = {isa = PBXBuildFile; fileRef = 3D7512091C40706200C55D01 /* Pergunta.mp3 */; };
		3D7512141C4070A400C55D01 /* Bolt.mp3 in Resources */ = {isa = PBXBuildFile; fileRef = 3D75120F1C4070A400C55D01 /* Bolt.mp3 */; };
		3D7512151C4070A400C55D01 /* Fire.mp3 in Resources */ = {isa = PBXBuildFile; fileRef = 3D7512101C4070A400C55D01 /* Fire.mp3 */; };
		3D7512161C4070A400C55D01 /* Life.mp3 in Resources */ = {isa = PBXBuildFile; fileRef = 3D7512111C4070A400C55D01 /* Life.mp3 */; };
		3D7512171C4070A400C55D01 /* Magnet.mp3 in Resources */ = {isa = PBXBuildFile; fileRef = 3D7512121C4070A400C55D01 /* Magnet.mp3 */; };
		3D7512181C4070A400C55D01 /* Water.mp3 in Resources */ = {isa = PBXBuildFile; fileRef = 3D7512131C4070A400C55D01 /* Water.mp3 */; };
		3D75121B1C4070C300C55D01 /* Fase2.mp3 in Resources */ = {isa = PBXBuildFile; fileRef = 3D7512191C4070C300C55D01 /* Fase2.mp3 */; };
		3D75121C1C4070C300C55D01 /* Fase3.mp3 in Resources */ = {isa = PBXBuildFile; fileRef = 3D75121A1C4070C300C55D01 /* Fase3.mp3 */; };
		3D7512231C40928200C55D01 /* Combo1.mp3 in Resources */ = {isa = PBXBuildFile; fileRef = 3D75121D1C40928200C55D01 /* Combo1.mp3 */; };
		3D7512241C40928200C55D01 /* Combo3.mp3 in Resources */ = {isa = PBXBuildFile; fileRef = 3D75121E1C40928200C55D01 /* Combo3.mp3 */; };
		3D7512251C40928200C55D01 /* Combo4.mp3 in Resources */ = {isa = PBXBuildFile; fileRef = 3D75121F1C40928200C55D01 /* Combo4.mp3 */; };
		3D7512261C40928200C55D01 /* Combo5.mp3 in Resources */ = {isa = PBXBuildFile; fileRef = 3D7512201C40928200C55D01 /* Combo5.mp3 */; };
		3D7512271C40928200C55D01 /* Combo6.mp3 in Resources */ = {isa = PBXBuildFile; fileRef = 3D7512211C40928200C55D01 /* Combo6.mp3 */; };
		3D7512281C40928200C55D01 /* Combo8.mp3 in Resources */ = {isa = PBXBuildFile; fileRef = 3D7512221C40928200C55D01 /* Combo8.mp3 */; };
		3D75122A1C42B40D00C55D01 /* Loading.sks in Resources */ = {isa = PBXBuildFile; fileRef = 3D7512291C42B40D00C55D01 /* Loading.sks */; };
		3D75122C1C42CEAA00C55D01 /* MenuViewHome.sks in Resources */ = {isa = PBXBuildFile; fileRef = 3D75122B1C42CEAA00C55D01 /* MenuViewHome.sks */; };
		3DA1BDF41C3C32A300E6D302 /* EndGame.swift in Sources */ = {isa = PBXBuildFile; fileRef = 3DA1BDF31C3C32A300E6D302 /* EndGame.swift */; };
		3DA1BDF61C3C32B900E6D302 /* GameWin.sks in Resources */ = {isa = PBXBuildFile; fileRef = 3DA1BDF51C3C32B900E6D302 /* GameWin.sks */; };
		3DA1BDF81C3C32F000E6D302 /* GameLost.sks in Resources */ = {isa = PBXBuildFile; fileRef = 3DA1BDF71C3C32F000E6D302 /* GameLost.sks */; };
		3DA1BDFA1C3C330100E6D302 /* GameLost.swift in Sources */ = {isa = PBXBuildFile; fileRef = 3DA1BDF91C3C330100E6D302 /* GameLost.swift */; };
		3DA1BDFC1C3C4ECB00E6D302 /* MyHighScores.plist in Resources */ = {isa = PBXBuildFile; fileRef = 3DA1BDFB1C3C4ECB00E6D302 /* MyHighScores.plist */; };
/* End PBXBuildFile section */

/* Begin PBXContainerItemProxy section */
		3D09915D1BC9B7D1009C3C06 /* PBXContainerItemProxy */ = {
			isa = PBXContainerItemProxy;
			containerPortal = 3D09913B1BC9B7D1009C3C06 /* Project object */;
			proxyType = 1;
			remoteGlobalIDString = 3D0991421BC9B7D1009C3C06;
			remoteInfo = tcc_kelle;
		};
/* End PBXContainerItemProxy section */

/* Begin PBXFileReference section */
		3D0426C41BC9CB3600F72B2F /* Home.swift */ = {isa = PBXFileReference; fileEncoding = 4; lastKnownFileType = sourcecode.swift; path = Home.swift; sourceTree = "<group>"; };
		3D0545391BE0F94D00D1DC0A /* Home.sks */ = {isa = PBXFileReference; lastKnownFileType = file.sks; path = Home.sks; sourceTree = "<group>"; };
		3D05453B1BE819FC00D1DC0A /* MenuView.sks */ = {isa = PBXFileReference; lastKnownFileType = file.sks; path = MenuView.sks; sourceTree = "<group>"; };
		3D05453D1BE81A1000D1DC0A /* MenuView.swift */ = {isa = PBXFileReference; fileEncoding = 4; lastKnownFileType = sourcecode.swift; path = MenuView.swift; sourceTree = "<group>"; };
		3D0991431BC9B7D1009C3C06 /* tcc_kelle.app */ = {isa = PBXFileReference; explicitFileType = wrapper.application; includeInIndex = 0; path = tcc_kelle.app; sourceTree = BUILT_PRODUCTS_DIR; };
		3D0991471BC9B7D1009C3C06 /* Info.plist */ = {isa = PBXFileReference; lastKnownFileType = text.plist.xml; path = Info.plist; sourceTree = "<group>"; };
		3D0991481BC9B7D1009C3C06 /* AppDelegate.swift */ = {isa = PBXFileReference; lastKnownFileType = sourcecode.swift; path = AppDelegate.swift; sourceTree = "<group>"; };
		3D09914A1BC9B7D1009C3C06 /* GameScene.sks */ = {isa = PBXFileReference; lastKnownFileType = file.sks; path = GameScene.sks; sourceTree = "<group>"; };
		3D09914C1BC9B7D1009C3C06 /* GameScene.swift */ = {isa = PBXFileReference; lastKnownFileType = sourcecode.swift; path = GameScene.swift; sourceTree = "<group>"; };
		3D09914E1BC9B7D1009C3C06 /* GameViewController.swift */ = {isa = PBXFileReference; lastKnownFileType = sourcecode.swift; path = GameViewController.swift; sourceTree = "<group>"; };
		3D0991511BC9B7D1009C3C06 /* Base */ = {isa = PBXFileReference; lastKnownFileType = file.storyboard; name = Base; path = Base.lproj/Main.storyboard; sourceTree = "<group>"; };
		3D0991531BC9B7D1009C3C06 /* Images.xcassets */ = {isa = PBXFileReference; lastKnownFileType = folder.assetcatalog; path = Images.xcassets; sourceTree = "<group>"; };
		3D0991561BC9B7D1009C3C06 /* Base */ = {isa = PBXFileReference; lastKnownFileType = file.xib; name = Base; path = Base.lproj/LaunchScreen.xib; sourceTree = "<group>"; };
		3D09915C1BC9B7D1009C3C06 /* tcc_kelleTests.xctest */ = {isa = PBXFileReference; explicitFileType = wrapper.cfbundle; includeInIndex = 0; path = tcc_kelleTests.xctest; sourceTree = BUILT_PRODUCTS_DIR; };
		3D0991611BC9B7D1009C3C06 /* Info.plist */ = {isa = PBXFileReference; lastKnownFileType = text.plist.xml; path = Info.plist; sourceTree = "<group>"; };
		3D0991621BC9B7D1009C3C06 /* tcc_kelleTests.swift */ = {isa = PBXFileReference; lastKnownFileType = sourcecode.swift; path = tcc_kelleTests.swift; sourceTree = "<group>"; };
		3D1110DD1C30867F00EA3E83 /* Robot.plist */ = {isa = PBXFileReference; fileEncoding = 4; lastKnownFileType = text.plist.xml; path = Robot.plist; sourceTree = "<group>"; };
		3D1110DF1C30A64800EA3E83 /* CurrentGame.plist */ = {isa = PBXFileReference; fileEncoding = 4; lastKnownFileType = text.plist.xml; path = CurrentGame.plist; sourceTree = "<group>"; };
		3D1110E31C30B92500EA3E83 /* Base.swift */ = {isa = PBXFileReference; fileEncoding = 4; lastKnownFileType = sourcecode.swift; path = Base.swift; sourceTree = "<group>"; };
		3D1111151C3AD62C00EA3E83 /* Tutorial.swift */ = {isa = PBXFileReference; fileEncoding = 4; lastKnownFileType = sourcecode.swift; path = Tutorial.swift; sourceTree = "<group>"; };
		3D1111181C3AD66300EA3E83 /* Tutorial.sks */ = {isa = PBXFileReference; lastKnownFileType = file.sks; path = Tutorial.sks; sourceTree = "<group>"; };
		3D11111C1C3ADA7D00EA3E83 /* TutorialView01.sks */ = {isa = PBXFileReference; lastKnownFileType = file.sks; path = TutorialView01.sks; sourceTree = "<group>"; };
		3D11111E1C3ADCEE00EA3E83 /* TutorialView02.sks */ = {isa = PBXFileReference; lastKnownFileType = file.sks; path = TutorialView02.sks; sourceTree = "<group>"; };
		3D1111201C3ADEF100EA3E83 /* TutorialView03.sks */ = {isa = PBXFileReference; lastKnownFileType = file.sks; path = TutorialView03.sks; sourceTree = "<group>"; };
		3D1111221C3AE67400EA3E83 /* TutorialView.swift */ = {isa = PBXFileReference; fileEncoding = 4; lastKnownFileType = sourcecode.swift; path = TutorialView.swift; sourceTree = "<group>"; };
		3D1111241C3B018200EA3E83 /* PauseView.swift */ = {isa = PBXFileReference; fileEncoding = 4; lastKnownFileType = sourcecode.swift; path = PauseView.swift; sourceTree = "<group>"; };
		3D1111261C3B019000EA3E83 /* PauseView.sks */ = {isa = PBXFileReference; lastKnownFileType = file.sks; path = PauseView.sks; sourceTree = "<group>"; };
		3D2AA67C1BFE05340019FDA5 /* Skill.swift */ = {isa = PBXFileReference; fileEncoding = 4; lastKnownFileType = sourcecode.swift; name = Skill.swift; path = ../Skill.swift; sourceTree = "<group>"; };
		3D2AA67E1BFE0EFA0019FDA5 /* Array2D.swift */ = {isa = PBXFileReference; fileEncoding = 4; lastKnownFileType = sourcecode.swift; path = Array2D.swift; sourceTree = "<group>"; };
		3D2AA6801C012BF90019FDA5 /* MapGame.swift */ = {isa = PBXFileReference; fileEncoding = 4; lastKnownFileType = sourcecode.swift; path = MapGame.swift; sourceTree = "<group>"; };
		3D2AA6A41C01509B0019FDA5 /* Extensions.swift */ = {isa = PBXFileReference; fileEncoding = 4; lastKnownFileType = sourcecode.swift; path = Extensions.swift; sourceTree = "<group>"; };
		3D2AA6A61C0150B50019FDA5 /* SwiftyJSON.swift */ = {isa = PBXFileReference; fileEncoding = 4; lastKnownFileType = sourcecode.swift; path = SwiftyJSON.swift; sourceTree = "<group>"; };
		3D2AA6A81C0150D30019FDA5 /* Tile.swift */ = {isa = PBXFileReference; fileEncoding = 4; lastKnownFileType = sourcecode.swift; path = Tile.swift; sourceTree = "<group>"; };
		3D2AA6B81C015DAC0019FDA5 /* Level_00.json */ = {isa = PBXFileReference; fileEncoding = 4; lastKnownFileType = text.json; path = Level_00.json; sourceTree = "<group>"; };
		3D2AA6BA1C015DB70019FDA5 /* Level_01.json */ = {isa = PBXFileReference; fileEncoding = 4; lastKnownFileType = text.json; path = Level_01.json; sourceTree = "<group>"; };
		3D2AA6BB1C015DB70019FDA5 /* Level_02.json */ = {isa = PBXFileReference; fileEncoding = 4; lastKnownFileType = text.json; path = Level_02.json; sourceTree = "<group>"; };
		3D2AA6BC1C015DB70019FDA5 /* Level_03.json */ = {isa = PBXFileReference; fileEncoding = 4; lastKnownFileType = text.json; path = Level_03.json; sourceTree = "<group>"; };
		3D2AA6BD1C015DB70019FDA5 /* Level_04.json */ = {isa = PBXFileReference; fileEncoding = 4; lastKnownFileType = text.json; path = Level_04.json; sourceTree = "<group>"; };
		3D2AA6C21C01EAE30019FDA5 /* Swap.swift */ = {isa = PBXFileReference; fileEncoding = 4; lastKnownFileType = sourcecode.swift; path = Swap.swift; sourceTree = "<group>"; };
		3D2AA6C91C0210FA0019FDA5 /* Chain.swift */ = {isa = PBXFileReference; fileEncoding = 4; lastKnownFileType = sourcecode.swift; path = Chain.swift; sourceTree = "<group>"; };
		3D2AA6F81C0264360019FDA5 /* Level_05.json */ = {isa = PBXFileReference; fileEncoding = 4; lastKnownFileType = text.json; path = Level_05.json; sourceTree = "<group>"; };
		3D2AA6F91C0264360019FDA5 /* Level_06.json */ = {isa = PBXFileReference; fileEncoding = 4; lastKnownFileType = text.json; path = Level_06.json; sourceTree = "<group>"; };
		3D2AA6FA1C0264360019FDA5 /* Level_07.json */ = {isa = PBXFileReference; fileEncoding = 4; lastKnownFileType = text.json; path = Level_07.json; sourceTree = "<group>"; };
		3D2AA6FB1C0264360019FDA5 /* Level_08.json */ = {isa = PBXFileReference; fileEncoding = 4; lastKnownFileType = text.json; path = Level_08.json; sourceTree = "<group>"; };
		3D2AA6FC1C0264360019FDA5 /* Level_09.json */ = {isa = PBXFileReference; fileEncoding = 4; lastKnownFileType = text.json; path = Level_09.json; sourceTree = "<group>"; };
		3D2AA6FD1C0264360019FDA5 /* Level_10.json */ = {isa = PBXFileReference; fileEncoding = 4; lastKnownFileType = text.json; path = Level_10.json; sourceTree = "<group>"; };
		3D4CC9311BF9F8BB0022511E /* Level.swift */ = {isa = PBXFileReference; fileEncoding = 4; lastKnownFileType = sourcecode.swift; path = Level.swift; sourceTree = "<group>"; };
		3D4CC9331BFA34330022511E /* MapGame.sks */ = {isa = PBXFileReference; lastKnownFileType = file.sks; path = MapGame.sks; sourceTree = "<group>"; };
		3D6E20B91BCA87B0009029E8 /* Robot.swift */ = {isa = PBXFileReference; fileEncoding = 4; lastKnownFileType = sourcecode.swift; path = Robot.swift; sourceTree = "<group>"; };
		3D6E20BB1BCA941A009029E8 /* User.swift */ = {isa = PBXFileReference; fileEncoding = 4; lastKnownFileType = sourcecode.swift; path = User.swift; sourceTree = "<group>"; };
		3D6E20BD1BCA97EB009029E8 /* MyButtonNode.swift */ = {isa = PBXFileReference; fileEncoding = 4; lastKnownFileType = sourcecode.swift; path = MyButtonNode.swift; sourceTree = "<group>"; };
		3D6E20BF1BCBF699009029E8 /* EditAvatar.sks */ = {isa = PBXFileReference; lastKnownFileType = file.sks; path = EditAvatar.sks; sourceTree = "<group>"; };
		3D6E20C51BCC0DE3009029E8 /* EditAvatar.swift */ = {isa = PBXFileReference; fileEncoding = 4; lastKnownFileType = sourcecode.swift; path = EditAvatar.swift; sourceTree = "<group>"; };
		3D7511F11C4037B500C55D01 /* HierarquiaView.sks */ = {isa = PBXFileReference; lastKnownFileType = file.sks; path = HierarquiaView.sks; sourceTree = "<group>"; };
		3D7511F31C4038E100C55D01 /* HierarquiaView.swift */ = {isa = PBXFileReference; fileEncoding = 4; lastKnownFileType = sourcecode.swift; path = HierarquiaView.swift; sourceTree = "<group>"; };
		3D7511F51C403F7900C55D01 /* SceneInterface.swift */ = {isa = PBXFileReference; fileEncoding = 4; lastKnownFileType = sourcecode.swift; path = SceneInterface.swift; sourceTree = "<group>"; };
		3D7511F91C406E2300C55D01 /* Click (in game).mp3 */ = {isa = PBXFileReference; lastKnownFileType = audio.mp3; path = "Click (in game).mp3"; sourceTree = "<group>"; };
		3D7511FB1C406E4D00C55D01 /* Snow.mp3 */ = {isa = PBXFileReference; lastKnownFileType = audio.mp3; path = Snow.mp3; sourceTree = "<group>"; };
		3D7511FD1C406E5E00C55D01 /* Combo2.mp3 */ = {isa = PBXFileReference; lastKnownFileType = audio.mp3; path = Combo2.mp3; sourceTree = "<group>"; };
		3D7511FF1C406F6300C55D01 /* Fase1.mp3 */ = {isa = PBXFileReference; lastKnownFileType = audio.mp3; path = Fase1.mp3; sourceTree = "<group>"; };
		3D7512011C406F6F00C55D01 /* Combo7.mp3 */ = {isa = PBXFileReference; lastKnownFileType = audio.mp3; path = Combo7.mp3; sourceTree = "<group>"; };
		3D7512031C40704900C55D01 /* Principal.mp3 */ = {isa = PBXFileReference; lastKnownFileType = audio.mp3; path = Principal.mp3; sourceTree = "<group>"; };
		3D7512051C40706200C55D01 /* Click.mp3 */ = {isa = PBXFileReference; lastKnownFileType = audio.mp3; path = Click.mp3; sourceTree = "<group>"; };
		3D7512061C40706200C55D01 /* Compra.mp3 */ = {isa = PBXFileReference; lastKnownFileType = audio.mp3; path = Compra.mp3; sourceTree = "<group>"; };
		3D7512071C40706200C55D01 /* Confirmar.mp3 */ = {isa = PBXFileReference; lastKnownFileType = audio.mp3; path = Confirmar.mp3; sourceTree = "<group>"; };
		3D7512081C40706200C55D01 /* Erro.mp3 */ = {isa = PBXFileReference; lastKnownFileType = audio.mp3; path = Erro.mp3; sourceTree = "<group>"; };
		3D7512091C40706200C55D01 /* Pergunta.mp3 */ = {isa = PBXFileReference; lastKnownFileType = audio.mp3; path = Pergunta.mp3; sourceTree = "<group>"; };
		3D75120F1C4070A400C55D01 /* Bolt.mp3 */ = {isa = PBXFileReference; lastKnownFileType = audio.mp3; path = Bolt.mp3; sourceTree = "<group>"; };
		3D7512101C4070A400C55D01 /* Fire.mp3 */ = {isa = PBXFileReference; lastKnownFileType = audio.mp3; path = Fire.mp3; sourceTree = "<group>"; };
		3D7512111C4070A400C55D01 /* Life.mp3 */ = {isa = PBXFileReference; lastKnownFileType = audio.mp3; path = Life.mp3; sourceTree = "<group>"; };
		3D7512121C4070A400C55D01 /* Magnet.mp3 */ = {isa = PBXFileReference; lastKnownFileType = audio.mp3; path = Magnet.mp3; sourceTree = "<group>"; };
		3D7512131C4070A400C55D01 /* Water.mp3 */ = {isa = PBXFileReference; lastKnownFileType = audio.mp3; path = Water.mp3; sourceTree = "<group>"; };
		3D7512191C4070C300C55D01 /* Fase2.mp3 */ = {isa = PBXFileReference; lastKnownFileType = audio.mp3; path = Fase2.mp3; sourceTree = "<group>"; };
		3D75121A1C4070C300C55D01 /* Fase3.mp3 */ = {isa = PBXFileReference; lastKnownFileType = audio.mp3; path = Fase3.mp3; sourceTree = "<group>"; };
		3D75121D1C40928200C55D01 /* Combo1.mp3 */ = {isa = PBXFileReference; lastKnownFileType = audio.mp3; path = Combo1.mp3; sourceTree = "<group>"; };
		3D75121E1C40928200C55D01 /* Combo3.mp3 */ = {isa = PBXFileReference; lastKnownFileType = audio.mp3; path = Combo3.mp3; sourceTree = "<group>"; };
		3D75121F1C40928200C55D01 /* Combo4.mp3 */ = {isa = PBXFileReference; lastKnownFileType = audio.mp3; path = Combo4.mp3; sourceTree = "<group>"; };
		3D7512201C40928200C55D01 /* Combo5.mp3 */ = {isa = PBXFileReference; lastKnownFileType = audio.mp3; path = Combo5.mp3; sourceTree = "<group>"; };
		3D7512211C40928200C55D01 /* Combo6.mp3 */ = {isa = PBXFileReference; lastKnownFileType = audio.mp3; path = Combo6.mp3; sourceTree = "<group>"; };
		3D7512221C40928200C55D01 /* Combo8.mp3 */ = {isa = PBXFileReference; lastKnownFileType = audio.mp3; path = Combo8.mp3; sourceTree = "<group>"; };
		3D7512291C42B40D00C55D01 /* Loading.sks */ = {isa = PBXFileReference; lastKnownFileType = file.sks; path = Loading.sks; sourceTree = "<group>"; };
		3D75122B1C42CEAA00C55D01 /* MenuViewHome.sks */ = {isa = PBXFileReference; lastKnownFileType = file.sks; path = MenuViewHome.sks; sourceTree = "<group>"; };
		3DA1BDF31C3C32A300E6D302 /* EndGame.swift */ = {isa = PBXFileReference; fileEncoding = 4; lastKnownFileType = sourcecode.swift; path = EndGame.swift; sourceTree = "<group>"; };
		3DA1BDF51C3C32B900E6D302 /* GameWin.sks */ = {isa = PBXFileReference; lastKnownFileType = file.sks; path = GameWin.sks; sourceTree = "<group>"; };
		3DA1BDF71C3C32F000E6D302 /* GameLost.sks */ = {isa = PBXFileReference; lastKnownFileType = file.sks; path = GameLost.sks; sourceTree = "<group>"; };
		3DA1BDF91C3C330100E6D302 /* GameLost.swift */ = {isa = PBXFileReference; fileEncoding = 4; lastKnownFileType = sourcecode.swift; path = GameLost.swift; sourceTree = "<group>"; };
		3DA1BDFB1C3C4ECB00E6D302 /* MyHighScores.plist */ = {isa = PBXFileReference; fileEncoding = 4; lastKnownFileType = text.plist.xml; path = MyHighScores.plist; sourceTree = "<group>"; };
/* End PBXFileReference section */

/* Begin PBXFrameworksBuildPhase section */
		3D0991401BC9B7D1009C3C06 /* Frameworks */ = {
			isa = PBXFrameworksBuildPhase;
			buildActionMask = 2147483647;
			files = (
			);
			runOnlyForDeploymentPostprocessing = 0;
		};
		3D0991591BC9B7D1009C3C06 /* Frameworks */ = {
			isa = PBXFrameworksBuildPhase;
			buildActionMask = 2147483647;
			files = (
			);
			runOnlyForDeploymentPostprocessing = 0;
		};
/* End PBXFrameworksBuildPhase section */

/* Begin PBXGroup section */
		3D09913A1BC9B7D1009C3C06 = {
			isa = PBXGroup;
			children = (
				3D1111171C3AD63100EA3E83 /* Tutorial */,
				3D0991451BC9B7D1009C3C06 /* tcc_kelle */,
				3D09915F1BC9B7D1009C3C06 /* tcc_kelleTests */,
				3D0991441BC9B7D1009C3C06 /* Products */,
			);
			sourceTree = "<group>";
		};
		3D0991441BC9B7D1009C3C06 /* Products */ = {
			isa = PBXGroup;
			children = (
				3D0991431BC9B7D1009C3C06 /* tcc_kelle.app */,
				3D09915C1BC9B7D1009C3C06 /* tcc_kelleTests.xctest */,
			);
			name = Products;
			sourceTree = "<group>";
		};
		3D0991451BC9B7D1009C3C06 /* tcc_kelle */ = {
			isa = PBXGroup;
			children = (
				3D2AA7041C0307370019FDA5 /* Menu */,
				3D2AA6C41C020E140019FDA5 /* Audios */,
				3D2AA6AD1C015D5A0019FDA5 /* LevelsJson */,
				3D2AA6A61C0150B50019FDA5 /* SwiftyJSON.swift */,
				3D2AA6AA1C0150EA0019FDA5 /* Assets */,
				3D4CC92C1BF9F6E10022511E /* Game */,
				3D0991481BC9B7D1009C3C06 /* AppDelegate.swift */,
				3D0545391BE0F94D00D1DC0A /* Home.sks */,
				3D0426C41BC9CB3600F72B2F /* Home.swift */,
				3D7512291C42B40D00C55D01 /* Loading.sks */,
				3D09914E1BC9B7D1009C3C06 /* GameViewController.swift */,
				3D0991501BC9B7D1009C3C06 /* Main.storyboard */,
				3D0991531BC9B7D1009C3C06 /* Images.xcassets */,
				3D0991551BC9B7D1009C3C06 /* LaunchScreen.xib */,
				3D0991461BC9B7D1009C3C06 /* Supporting Files */,
			);
			path = tcc_kelle;
			sourceTree = "<group>";
		};
		3D0991461BC9B7D1009C3C06 /* Supporting Files */ = {
			isa = PBXGroup;
			children = (
				3D6E20BD1BCA97EB009029E8 /* MyButtonNode.swift */,
				3D0991471BC9B7D1009C3C06 /* Info.plist */,
			);
			name = "Supporting Files";
			sourceTree = "<group>";
		};
		3D09915F1BC9B7D1009C3C06 /* tcc_kelleTests */ = {
			isa = PBXGroup;
			children = (
				3D0991621BC9B7D1009C3C06 /* tcc_kelleTests.swift */,
				3D0991601BC9B7D1009C3C06 /* Supporting Files */,
			);
			path = tcc_kelleTests;
			sourceTree = "<group>";
		};
		3D0991601BC9B7D1009C3C06 /* Supporting Files */ = {
			isa = PBXGroup;
			children = (
				3D0991611BC9B7D1009C3C06 /* Info.plist */,
			);
			name = "Supporting Files";
			sourceTree = "<group>";
		};
		3D1111171C3AD63100EA3E83 /* Tutorial */ = {
			isa = PBXGroup;
			children = (
				3D1111151C3AD62C00EA3E83 /* Tutorial.swift */,
				3D1111181C3AD66300EA3E83 /* Tutorial.sks */,
				3D1111221C3AE67400EA3E83 /* TutorialView.swift */,
				3D11111C1C3ADA7D00EA3E83 /* TutorialView01.sks */,
				3D11111E1C3ADCEE00EA3E83 /* TutorialView02.sks */,
				3D1111201C3ADEF100EA3E83 /* TutorialView03.sks */,
			);
			name = Tutorial;
			sourceTree = "<group>";
		};
		3D2AA6AA1C0150EA0019FDA5 /* Assets */ = {
			isa = PBXGroup;
			children = (
				3D7511F51C403F7900C55D01 /* SceneInterface.swift */,
				3D6E20BB1BCA941A009029E8 /* User.swift */,
				3D6E20B91BCA87B0009029E8 /* Robot.swift */,
				3D1110DD1C30867F00EA3E83 /* Robot.plist */,
				3D2AA6A41C01509B0019FDA5 /* Extensions.swift */,
				3D2AA6A81C0150D30019FDA5 /* Tile.swift */,
				3D2AA67C1BFE05340019FDA5 /* Skill.swift */,
				3D1110E31C30B92500EA3E83 /* Base.swift */,
				3D2AA6C21C01EAE30019FDA5 /* Swap.swift */,
				3D2AA67E1BFE0EFA0019FDA5 /* Array2D.swift */,
				3D2AA6C91C0210FA0019FDA5 /* Chain.swift */,
			);
			name = Assets;
			sourceTree = "<group>";
		};
		3D2AA6AD1C015D5A0019FDA5 /* LevelsJson */ = {
			isa = PBXGroup;
			children = (
				3D2AA6B81C015DAC0019FDA5 /* Level_00.json */,
				3D2AA6BA1C015DB70019FDA5 /* Level_01.json */,
				3D2AA6BB1C015DB70019FDA5 /* Level_02.json */,
				3D2AA6BC1C015DB70019FDA5 /* Level_03.json */,
				3D2AA6BD1C015DB70019FDA5 /* Level_04.json */,
				3D2AA6F81C0264360019FDA5 /* Level_05.json */,
				3D2AA6F91C0264360019FDA5 /* Level_06.json */,
				3D2AA6FA1C0264360019FDA5 /* Level_07.json */,
				3D2AA6FB1C0264360019FDA5 /* Level_08.json */,
				3D2AA6FC1C0264360019FDA5 /* Level_09.json */,
				3D2AA6FD1C0264360019FDA5 /* Level_10.json */,
			);
			name = LevelsJson;
			sourceTree = "<group>";
		};
		3D2AA6C41C020E140019FDA5 /* Audios */ = {
			isa = PBXGroup;
			children = (
				3D2AA6EF1C0260B00019FDA5 /* Skills */,
				3D2AA6DE1C02608F0019FDA5 /* Combos */,
				3D2AA6D71C0260440019FDA5 /* Levels */,
				3D7511F91C406E2300C55D01 /* Click (in game).mp3 */,
				3D7512051C40706200C55D01 /* Click.mp3 */,
				3D7512061C40706200C55D01 /* Compra.mp3 */,
				3D7512071C40706200C55D01 /* Confirmar.mp3 */,
				3D7512081C40706200C55D01 /* Erro.mp3 */,
				3D7512091C40706200C55D01 /* Pergunta.mp3 */,
				3D7512031C40704900C55D01 /* Principal.mp3 */,
			);
			name = Audios;
			sourceTree = "<group>";
		};
		3D2AA6D71C0260440019FDA5 /* Levels */ = {
			isa = PBXGroup;
			children = (
				3D7511FF1C406F6300C55D01 /* Fase1.mp3 */,
				3D7512191C4070C300C55D01 /* Fase2.mp3 */,
				3D75121A1C4070C300C55D01 /* Fase3.mp3 */,
			);
			name = Levels;
			sourceTree = "<group>";
		};
		3D2AA6DE1C02608F0019FDA5 /* Combos */ = {
			isa = PBXGroup;
			children = (
				3D75121D1C40928200C55D01 /* Combo1.mp3 */,
				3D7511FD1C406E5E00C55D01 /* Combo2.mp3 */,
				3D75121E1C40928200C55D01 /* Combo3.mp3 */,
				3D75121F1C40928200C55D01 /* Combo4.mp3 */,
				3D7512201C40928200C55D01 /* Combo5.mp3 */,
				3D7512211C40928200C55D01 /* Combo6.mp3 */,
				3D7512011C406F6F00C55D01 /* Combo7.mp3 */,
				3D7512221C40928200C55D01 /* Combo8.mp3 */,
			);
			name = Combos;
			sourceTree = "<group>";
		};
		3D2AA6EF1C0260B00019FDA5 /* Skills */ = {
			isa = PBXGroup;
			children = (
				3D75120F1C4070A400C55D01 /* Bolt.mp3 */,
				3D7512101C4070A400C55D01 /* Fire.mp3 */,
				3D7512111C4070A400C55D01 /* Life.mp3 */,
				3D7512121C4070A400C55D01 /* Magnet.mp3 */,
				3D7512131C4070A400C55D01 /* Water.mp3 */,
				3D7511FB1C406E4D00C55D01 /* Snow.mp3 */,
			);
			name = Skills;
			sourceTree = "<group>";
		};
		3D2AA7041C0307370019FDA5 /* Menu */ = {
			isa = PBXGroup;
			children = (
				3D6E20BF1BCBF699009029E8 /* EditAvatar.sks */,
				3D6E20C51BCC0DE3009029E8 /* EditAvatar.swift */,
				3D1110DF1C30A64800EA3E83 /* CurrentGame.plist */,
				3DA1BDFB1C3C4ECB00E6D302 /* MyHighScores.plist */,
				3D7511F11C4037B500C55D01 /* HierarquiaView.sks */,
				3D7511F31C4038E100C55D01 /* HierarquiaView.swift */,
				3D1111261C3B019000EA3E83 /* PauseView.sks */,
				3D1111241C3B018200EA3E83 /* PauseView.swift */,
				3D05453B1BE819FC00D1DC0A /* MenuView.sks */,
				3D75122B1C42CEAA00C55D01 /* MenuViewHome.sks */,
				3D05453D1BE81A1000D1DC0A /* MenuView.swift */,
			);
			name = Menu;
			sourceTree = "<group>";
		};
		3D4CC92B1BF9F6D10022511E /* Levels */ = {
			isa = PBXGroup;
			children = (
				3D4CC9311BF9F8BB0022511E /* Level.swift */,
			);
			name = Levels;
			sourceTree = "<group>";
		};
		3D4CC92C1BF9F6E10022511E /* Game */ = {
			isa = PBXGroup;
			children = (
				3DA1BDF51C3C32B900E6D302 /* GameWin.sks */,
				3DA1BDF31C3C32A300E6D302 /* EndGame.swift */,
				3DA1BDF71C3C32F000E6D302 /* GameLost.sks */,
				3DA1BDF91C3C330100E6D302 /* GameLost.swift */,
				3D4CC9331BFA34330022511E /* MapGame.sks */,
				3D2AA6801C012BF90019FDA5 /* MapGame.swift */,
				3D09914A1BC9B7D1009C3C06 /* GameScene.sks */,
				3D09914C1BC9B7D1009C3C06 /* GameScene.swift */,
				3D4CC92B1BF9F6D10022511E /* Levels */,
			);
			name = Game;
			sourceTree = "<group>";
		};
/* End PBXGroup section */

/* Begin PBXNativeTarget section */
		3D0991421BC9B7D1009C3C06 /* tcc_kelle */ = {
			isa = PBXNativeTarget;
			buildConfigurationList = 3D0991661BC9B7D1009C3C06 /* Build configuration list for PBXNativeTarget "tcc_kelle" */;
			buildPhases = (
				3D09913F1BC9B7D1009C3C06 /* Sources */,
				3D0991401BC9B7D1009C3C06 /* Frameworks */,
				3D0991411BC9B7D1009C3C06 /* Resources */,
			);
			buildRules = (
			);
			dependencies = (
			);
			name = tcc_kelle;
			productName = tcc_kelle;
			productReference = 3D0991431BC9B7D1009C3C06 /* tcc_kelle.app */;
			productType = "com.apple.product-type.application";
		};
		3D09915B1BC9B7D1009C3C06 /* tcc_kelleTests */ = {
			isa = PBXNativeTarget;
			buildConfigurationList = 3D0991691BC9B7D1009C3C06 /* Build configuration list for PBXNativeTarget "tcc_kelleTests" */;
			buildPhases = (
				3D0991581BC9B7D1009C3C06 /* Sources */,
				3D0991591BC9B7D1009C3C06 /* Frameworks */,
				3D09915A1BC9B7D1009C3C06 /* Resources */,
			);
			buildRules = (
			);
			dependencies = (
				3D09915E1BC9B7D1009C3C06 /* PBXTargetDependency */,
			);
			name = tcc_kelleTests;
			productName = tcc_kelleTests;
			productReference = 3D09915C1BC9B7D1009C3C06 /* tcc_kelleTests.xctest */;
			productType = "com.apple.product-type.bundle.unit-test";
		};
/* End PBXNativeTarget section */

/* Begin PBXProject section */
		3D09913B1BC9B7D1009C3C06 /* Project object */ = {
			isa = PBXProject;
			attributes = {
				LastSwiftUpdateCheck = 0700;
				LastUpgradeCheck = 0710;
				ORGANIZATIONNAME = LadyDay;
				TargetAttributes = {
					3D0991421BC9B7D1009C3C06 = {
						CreatedOnToolsVersion = 6.4;
						DevelopmentTeam = DALRD2YRNJ;
					};
					3D09915B1BC9B7D1009C3C06 = {
						CreatedOnToolsVersion = 6.4;
						TestTargetID = 3D0991421BC9B7D1009C3C06;
					};
				};
			};
			buildConfigurationList = 3D09913E1BC9B7D1009C3C06 /* Build configuration list for PBXProject "tcc_kelle" */;
			compatibilityVersion = "Xcode 3.2";
			developmentRegion = English;
			hasScannedForEncodings = 0;
			knownRegions = (
				en,
				Base,
			);
			mainGroup = 3D09913A1BC9B7D1009C3C06;
			productRefGroup = 3D0991441BC9B7D1009C3C06 /* Products */;
			projectDirPath = "";
			projectRoot = "";
			targets = (
				3D0991421BC9B7D1009C3C06 /* tcc_kelle */,
				3D09915B1BC9B7D1009C3C06 /* tcc_kelleTests */,
			);
		};
/* End PBXProject section */

/* Begin PBXResourcesBuildPhase section */
		3D0991411BC9B7D1009C3C06 /* Resources */ = {
			isa = PBXResourcesBuildPhase;
			buildActionMask = 2147483647;
			files = (
				3D2AA6FF1C0264360019FDA5 /* Level_06.json in Resources */,
				3D0991571BC9B7D1009C3C06 /* LaunchScreen.xib in Resources */,
				3D7512281C40928200C55D01 /* Combo8.mp3 in Resources */,
				3D7511FC1C406E4D00C55D01 /* Snow.mp3 in Resources */,
				3D0991541BC9B7D1009C3C06 /* Images.xcassets in Resources */,
				3D1110E01C30A64800EA3E83 /* CurrentGame.plist in Resources */,
				3D05453A1BE0F94D00D1DC0A /* Home.sks in Resources */,
				3D7512251C40928200C55D01 /* Combo4.mp3 in Resources */,
				3D75122C1C42CEAA00C55D01 /* MenuViewHome.sks in Resources */,
				3D2AA6C11C015DB70019FDA5 /* Level_04.json in Resources */,
				3D2AA6BE1C015DB70019FDA5 /* Level_01.json in Resources */,
				3D7512261C40928200C55D01 /* Combo5.mp3 in Resources */,
				3D7512001C406F6300C55D01 /* Fase1.mp3 in Resources */,
				3D4CC9341BFA34330022511E /* MapGame.sks in Resources */,
				3D2AA6C01C015DB70019FDA5 /* Level_03.json in Resources */,
				3D2AA6B91C015DAC0019FDA5 /* Level_00.json in Resources */,
				3D05453C1BE819FC00D1DC0A /* MenuView.sks in Resources */,
				3D7512241C40928200C55D01 /* Combo3.mp3 in Resources */,
				3D1111191C3AD66300EA3E83 /* Tutorial.sks in Resources */,
				3D7511F21C4037B500C55D01 /* HierarquiaView.sks in Resources */,
				3D6E20C01BCBF699009029E8 /* EditAvatar.sks in Resources */,
				3D7512181C4070A400C55D01 /* Water.mp3 in Resources */,
				3D2AA6FE1C0264360019FDA5 /* Level_05.json in Resources */,
				3D75121B1C4070C300C55D01 /* Fase2.mp3 in Resources */,
				3D7511FE1C406E5E00C55D01 /* Combo2.mp3 in Resources */,
				3D75120B1C40706200C55D01 /* Compra.mp3 in Resources */,
				3DA1BDF81C3C32F000E6D302 /* GameLost.sks in Resources */,
				3D7512161C4070A400C55D01 /* Life.mp3 in Resources */,
				3D2AA7021C0264360019FDA5 /* Level_09.json in Resources */,
				3D09914B1BC9B7D1009C3C06 /* GameScene.sks in Resources */,
				3D7512271C40928200C55D01 /* Combo6.mp3 in Resources */,
				3D7512041C40704900C55D01 /* Principal.mp3 in Resources */,
				3D7512141C4070A400C55D01 /* Bolt.mp3 in Resources */,
				3DA1BDFC1C3C4ECB00E6D302 /* MyHighScores.plist in Resources */,
				3DA1BDF61C3C32B900E6D302 /* GameWin.sks in Resources */,
				3D7512171C4070A400C55D01 /* Magnet.mp3 in Resources */,
				3D2AA7001C0264360019FDA5 /* Level_07.json in Resources */,
				3D75120A1C40706200C55D01 /* Click.mp3 in Resources */,
				3D75122A1C42B40D00C55D01 /* Loading.sks in Resources */,
				3D11111F1C3ADCEE00EA3E83 /* TutorialView02.sks in Resources */,
				3D75121C1C4070C300C55D01 /* Fase3.mp3 in Resources */,
				3D2AA7031C0264360019FDA5 /* Level_10.json in Resources */,
				3D75120C1C40706200C55D01 /* Confirmar.mp3 in Resources */,
				3D7512231C40928200C55D01 /* Combo1.mp3 in Resources */,
				3D1111271C3B019000EA3E83 /* PauseView.sks in Resources */,
				3D2AA7011C0264360019FDA5 /* Level_08.json in Resources */,
				3D11111D1C3ADA7D00EA3E83 /* TutorialView01.sks in Resources */,
				3D1110DE1C30867F00EA3E83 /* Robot.plist in Resources */,
				3D0991521BC9B7D1009C3C06 /* Main.storyboard in Resources */,
				3D75120E1C40706200C55D01 /* Pergunta.mp3 in Resources */,
				3D7512151C4070A400C55D01 /* Fire.mp3 in Resources */,
				3D1111211C3ADEF100EA3E83 /* TutorialView03.sks in Resources */,
				3D75120D1C40706200C55D01 /* Erro.mp3 in Resources */,
				3D7511FA1C406E2300C55D01 /* Click (in game).mp3 in Resources */,
				3D7512021C406F6F00C55D01 /* Combo7.mp3 in Resources */,
				3D2AA6BF1C015DB70019FDA5 /* Level_02.json in Resources */,
			);
			runOnlyForDeploymentPostprocessing = 0;
		};
		3D09915A1BC9B7D1009C3C06 /* Resources */ = {
			isa = PBXResourcesBuildPhase;
			buildActionMask = 2147483647;
			files = (
			);
			runOnlyForDeploymentPostprocessing = 0;
		};
/* End PBXResourcesBuildPhase section */

/* Begin PBXSourcesBuildPhase section */
		3D09913F1BC9B7D1009C3C06 /* Sources */ = {
			isa = PBXSourcesBuildPhase;
			buildActionMask = 2147483647;
			files = (
				3D2AA6811C012BF90019FDA5 /* MapGame.swift in Sources */,
				3D6E20BA1BCA87B0009029E8 /* Robot.swift in Sources */,
				3D2AA67D1BFE05340019FDA5 /* Skill.swift in Sources */,
				3DA1BDF41C3C32A300E6D302 /* EndGame.swift in Sources */,
				3D6E20C61BCC0DE3009029E8 /* EditAvatar.swift in Sources */,
				3D09914D1BC9B7D1009C3C06 /* GameScene.swift in Sources */,
				3D2AA6CA1C0210FA0019FDA5 /* Chain.swift in Sources */,
				3D6E20BC1BCA941A009029E8 /* User.swift in Sources */,
				3D05453E1BE81A1000D1DC0A /* MenuView.swift in Sources */,
				3D2AA6C31C01EAE30019FDA5 /* Swap.swift in Sources */,
				3D1111251C3B018200EA3E83 /* PauseView.swift in Sources */,
				3D1111161C3AD62C00EA3E83 /* Tutorial.swift in Sources */,
				3D1110E41C30B92500EA3E83 /* Base.swift in Sources */,
				3DA1BDFA1C3C330100E6D302 /* GameLost.swift in Sources */,
				3D2AA67F1BFE0EFA0019FDA5 /* Array2D.swift in Sources */,
				3D4CC9321BF9F8BB0022511E /* Level.swift in Sources */,
				3D09914F1BC9B7D1009C3C06 /* GameViewController.swift in Sources */,
				3D1111231C3AE67400EA3E83 /* TutorialView.swift in Sources */,
				3D2AA6A51C01509B0019FDA5 /* Extensions.swift in Sources */,
				3D0426C51BC9CB3600F72B2F /* Home.swift in Sources */,
				3D7511F41C4038E100C55D01 /* HierarquiaView.swift in Sources */,
				3D2AA6A71C0150B50019FDA5 /* SwiftyJSON.swift in Sources */,
				3D2AA6A91C0150D30019FDA5 /* Tile.swift in Sources */,
				3D0991491BC9B7D1009C3C06 /* AppDelegate.swift in Sources */,
				3D7511F61C403F7900C55D01 /* SceneInterface.swift in Sources */,
				3D6E20BE1BCA97EB009029E8 /* MyButtonNode.swift in Sources */,
			);
			runOnlyForDeploymentPostprocessing = 0;
		};
		3D0991581BC9B7D1009C3C06 /* Sources */ = {
			isa = PBXSourcesBuildPhase;
			buildActionMask = 2147483647;
			files = (
				3D0991631BC9B7D1009C3C06 /* tcc_kelleTests.swift in Sources */,
			);
			runOnlyForDeploymentPostprocessing = 0;
		};
/* End PBXSourcesBuildPhase section */

/* Begin PBXTargetDependency section */
		3D09915E1BC9B7D1009C3C06 /* PBXTargetDependency */ = {
			isa = PBXTargetDependency;
			target = 3D0991421BC9B7D1009C3C06 /* tcc_kelle */;
			targetProxy = 3D09915D1BC9B7D1009C3C06 /* PBXContainerItemProxy */;
		};
/* End PBXTargetDependency section */

/* Begin PBXVariantGroup section */
		3D0991501BC9B7D1009C3C06 /* Main.storyboard */ = {
			isa = PBXVariantGroup;
			children = (
				3D0991511BC9B7D1009C3C06 /* Base */,
			);
			name = Main.storyboard;
			sourceTree = "<group>";
		};
		3D0991551BC9B7D1009C3C06 /* LaunchScreen.xib */ = {
			isa = PBXVariantGroup;
			children = (
				3D0991561BC9B7D1009C3C06 /* Base */,
			);
			name = LaunchScreen.xib;
			sourceTree = "<group>";
		};
/* End PBXVariantGroup section */

/* Begin XCBuildConfiguration section */
		3D0991641BC9B7D1009C3C06 /* Debug */ = {
			isa = XCBuildConfiguration;
			buildSettings = {
				ALWAYS_SEARCH_USER_PATHS = NO;
				CLANG_CXX_LANGUAGE_STANDARD = "gnu++0x";
				CLANG_CXX_LIBRARY = "libc++";
				CLANG_ENABLE_MODULES = YES;
				CLANG_ENABLE_OBJC_ARC = YES;
				CLANG_WARN_BOOL_CONVERSION = YES;
				CLANG_WARN_CONSTANT_CONVERSION = YES;
				CLANG_WARN_DIRECT_OBJC_ISA_USAGE = YES_ERROR;
				CLANG_WARN_EMPTY_BODY = YES;
				CLANG_WARN_ENUM_CONVERSION = YES;
				CLANG_WARN_INT_CONVERSION = YES;
				CLANG_WARN_OBJC_ROOT_CLASS = YES_ERROR;
				CLANG_WARN_UNREACHABLE_CODE = YES;
				CLANG_WARN__DUPLICATE_METHOD_MATCH = YES;
				"CODE_SIGN_IDENTITY[sdk=iphoneos*]" = "iPhone Developer";
				COPY_PHASE_STRIP = NO;
				DEBUG_INFORMATION_FORMAT = "dwarf-with-dsym";
				ENABLE_STRICT_OBJC_MSGSEND = YES;
				ENABLE_TESTABILITY = YES;
				GCC_C_LANGUAGE_STANDARD = gnu99;
				GCC_DYNAMIC_NO_PIC = NO;
				GCC_NO_COMMON_BLOCKS = YES;
				GCC_OPTIMIZATION_LEVEL = 0;
				GCC_PREPROCESSOR_DEFINITIONS = (
					"DEBUG=1",
					"$(inherited)",
				);
				GCC_SYMBOLS_PRIVATE_EXTERN = NO;
				GCC_WARN_64_TO_32_BIT_CONVERSION = YES;
				GCC_WARN_ABOUT_RETURN_TYPE = YES_ERROR;
				GCC_WARN_UNDECLARED_SELECTOR = YES;
				GCC_WARN_UNINITIALIZED_AUTOS = YES_AGGRESSIVE;
				GCC_WARN_UNUSED_FUNCTION = YES;
				GCC_WARN_UNUSED_VARIABLE = YES;
				IPHONEOS_DEPLOYMENT_TARGET = 9.0;
				MTL_ENABLE_DEBUG_INFO = YES;
				ONLY_ACTIVE_ARCH = YES;
				SDKROOT = iphoneos;
				SWIFT_OPTIMIZATION_LEVEL = "-Onone";
				TARGETED_DEVICE_FAMILY = "1,2";
			};
			name = Debug;
		};
		3D0991651BC9B7D1009C3C06 /* Release */ = {
			isa = XCBuildConfiguration;
			buildSettings = {
				ALWAYS_SEARCH_USER_PATHS = NO;
				CLANG_CXX_LANGUAGE_STANDARD = "gnu++0x";
				CLANG_CXX_LIBRARY = "libc++";
				CLANG_ENABLE_MODULES = YES;
				CLANG_ENABLE_OBJC_ARC = YES;
				CLANG_WARN_BOOL_CONVERSION = YES;
				CLANG_WARN_CONSTANT_CONVERSION = YES;
				CLANG_WARN_DIRECT_OBJC_ISA_USAGE = YES_ERROR;
				CLANG_WARN_EMPTY_BODY = YES;
				CLANG_WARN_ENUM_CONVERSION = YES;
				CLANG_WARN_INT_CONVERSION = YES;
				CLANG_WARN_OBJC_ROOT_CLASS = YES_ERROR;
				CLANG_WARN_UNREACHABLE_CODE = YES;
				CLANG_WARN__DUPLICATE_METHOD_MATCH = YES;
				"CODE_SIGN_IDENTITY[sdk=iphoneos*]" = "iPhone Developer";
				COPY_PHASE_STRIP = NO;
				DEBUG_INFORMATION_FORMAT = "dwarf-with-dsym";
				ENABLE_NS_ASSERTIONS = NO;
				ENABLE_STRICT_OBJC_MSGSEND = YES;
				GCC_C_LANGUAGE_STANDARD = gnu99;
				GCC_NO_COMMON_BLOCKS = YES;
				GCC_WARN_64_TO_32_BIT_CONVERSION = YES;
				GCC_WARN_ABOUT_RETURN_TYPE = YES_ERROR;
				GCC_WARN_UNDECLARED_SELECTOR = YES;
				GCC_WARN_UNINITIALIZED_AUTOS = YES_AGGRESSIVE;
				GCC_WARN_UNUSED_FUNCTION = YES;
				GCC_WARN_UNUSED_VARIABLE = YES;
				IPHONEOS_DEPLOYMENT_TARGET = 9.0;
				MTL_ENABLE_DEBUG_INFO = NO;
				SDKROOT = iphoneos;
				TARGETED_DEVICE_FAMILY = "1,2";
				VALIDATE_PRODUCT = YES;
			};
			name = Release;
		};
		3D0991671BC9B7D1009C3C06 /* Debug */ = {
			isa = XCBuildConfiguration;
			buildSettings = {
				ASSETCATALOG_COMPILER_APPICON_NAME = AppIcon;
				CODE_SIGN_IDENTITY = "iPhone Developer";
				"CODE_SIGN_IDENTITY[sdk=iphoneos*]" = "iPhone Developer";
				INFOPLIST_FILE = tcc_kelle/Info.plist;
				IPHONEOS_DEPLOYMENT_TARGET = 9.1;
				LD_RUNPATH_SEARCH_PATHS = "$(inherited) @executable_path/Frameworks";
				PRODUCT_BUNDLE_IDENTIFIER = "br.ufpe.cin.dkrs.$(PRODUCT_NAME:rfc1034identifier)";
				PRODUCT_NAME = "$(TARGET_NAME)";
				PROVISIONING_PROFILE = "";
				TARGETED_DEVICE_FAMILY = 2;
			};
			name = Debug;
		};
		3D0991681BC9B7D1009C3C06 /* Release */ = {
			isa = XCBuildConfiguration;
			buildSettings = {
				ASSETCATALOG_COMPILER_APPICON_NAME = AppIcon;
				CODE_SIGN_IDENTITY = "iPhone Developer";
				"CODE_SIGN_IDENTITY[sdk=iphoneos*]" = "iPhone Developer";
				INFOPLIST_FILE = tcc_kelle/Info.plist;
				IPHONEOS_DEPLOYMENT_TARGET = 9.1;
				LD_RUNPATH_SEARCH_PATHS = "$(inherited) @executable_path/Frameworks";
				PRODUCT_BUNDLE_IDENTIFIER = "br.ufpe.cin.dkrs.$(PRODUCT_NAME:rfc1034identifier)";
				PRODUCT_NAME = "$(TARGET_NAME)";
				PROVISIONING_PROFILE = "";
				TARGETED_DEVICE_FAMILY = 2;
			};
			name = Release;
		};
		3D09916A1BC9B7D1009C3C06 /* Debug */ = {
			isa = XCBuildConfiguration;
			buildSettings = {
				BUNDLE_LOADER = "$(TEST_HOST)";
				FRAMEWORK_SEARCH_PATHS = (
					"$(SDKROOT)/Developer/Library/Frameworks",
					"$(inherited)",
				);
				GCC_PREPROCESSOR_DEFINITIONS = (
					"DEBUG=1",
					"$(inherited)",
				);
				INFOPLIST_FILE = tcc_kelleTests/Info.plist;
				LD_RUNPATH_SEARCH_PATHS = "$(inherited) @executable_path/Frameworks @loader_path/Frameworks";
				PRODUCT_BUNDLE_IDENTIFIER = "br.ufpe.cin.dkrs.$(PRODUCT_NAME:rfc1034identifier)";
				PRODUCT_NAME = "$(TARGET_NAME)";
				TEST_HOST = "$(BUILT_PRODUCTS_DIR)/tcc_kelle.app/tcc_kelle";
			};
			name = Debug;
		};
		3D09916B1BC9B7D1009C3C06 /* Release */ = {
			isa = XCBuildConfiguration;
			buildSettings = {
				BUNDLE_LOADER = "$(TEST_HOST)";
				FRAMEWORK_SEARCH_PATHS = (
					"$(SDKROOT)/Developer/Library/Frameworks",
					"$(inherited)",
				);
				INFOPLIST_FILE = tcc_kelleTests/Info.plist;
				LD_RUNPATH_SEARCH_PATHS = "$(inherited) @executable_path/Frameworks @loader_path/Frameworks";
				PRODUCT_BUNDLE_IDENTIFIER = "br.ufpe.cin.dkrs.$(PRODUCT_NAME:rfc1034identifier)";
				PRODUCT_NAME = "$(TARGET_NAME)";
				TEST_HOST = "$(BUILT_PRODUCTS_DIR)/tcc_kelle.app/tcc_kelle";
			};
			name = Release;
		};
/* End XCBuildConfiguration section */

/* Begin XCConfigurationList section */
		3D09913E1BC9B7D1009C3C06 /* Build configuration list for PBXProject "tcc_kelle" */ = {
			isa = XCConfigurationList;
			buildConfigurations = (
				3D0991641BC9B7D1009C3C06 /* Debug */,
				3D0991651BC9B7D1009C3C06 /* Release */,
			);
			defaultConfigurationIsVisible = 0;
			defaultConfigurationName = Release;
		};
		3D0991661BC9B7D1009C3C06 /* Build configuration list for PBXNativeTarget "tcc_kelle" */ = {
			isa = XCConfigurationList;
			buildConfigurations = (
				3D0991671BC9B7D1009C3C06 /* Debug */,
				3D0991681BC9B7D1009C3C06 /* Release */,
			);
			defaultConfigurationIsVisible = 0;
			defaultConfigurationName = Release;
		};
		3D0991691BC9B7D1009C3C06 /* Build configuration list for PBXNativeTarget "tcc_kelleTests" */ = {
			isa = XCConfigurationList;
			buildConfigurations = (
				3D09916A1BC9B7D1009C3C06 /* Debug */,
				3D09916B1BC9B7D1009C3C06 /* Release */,
			);
			defaultConfigurationIsVisible = 0;
			defaultConfigurationName = Release;
		};
/* End XCConfigurationList section */
	};
	rootObject = 3D09913B1BC9B7D1009C3C06 /* Project object */;
}
